
Microsoft Visual Studio Solution File, Format Version 12.00
Project("{FAE04EC0-301F-11D3-BF4B-00C04F79EFBC}") = "FA.Cache", "FA.Cache\FA.Cache.csproj", "{D08FAFE0-A212-4886-81BD-1D3EF6676A2A}"
EndProject
Project("{FAE04EC0-301F-11D3-BF4B-00C04F79EFBC}") = "FA.Loki", "FA.Loki\FA.Loki.csproj", "{CA6F4C77-786D-4821-949A-34E8136018CB}"
EndProject
Global
	GlobalSection(SolutionConfigurationPlatforms) = preSolution
		Debug|Any CPU = Debug|Any CPU
		Release|Any CPU = Release|Any CPU
	EndGlobalSection
	GlobalSection(ProjectConfigurationPlatforms) = postSolution
		{D08FAFE0-A212-4886-81BD-1D3EF6676A2A}.Debug|Any CPU.ActiveCfg = Debug|Any CPU
		{D08FAFE0-A212-4886-81BD-1D3EF6676A2A}.Debug|Any CPU.Build.0 = Debug|Any CPU
		{D08FAFE0-A212-4886-81BD-1D3EF6676A2A}.Release|Any CPU.ActiveCfg = Release|Any CPU
		{D08FAFE0-A212-4886-81BD-1D3EF6676A2A}.Release|Any CPU.Build.0 = Release|Any CPU
		{CA6F4C77-786D-4821-949A-34E8136018CB}.Debug|Any CPU.ActiveCfg = Debug|Any CPU
		{CA6F4C77-786D-4821-949A-34E8136018CB}.Debug|Any CPU.Build.0 = Debug|Any CPU
		{CA6F4C77-786D-4821-949A-34E8136018CB}.Release|Any CPU.ActiveCfg = Release|Any CPU
		{CA6F4C77-786D-4821-949A-34E8136018CB}.Release|Any CPU.Build.0 = Release|Any CPU
	EndGlobalSection
EndGlobal
